// !$*UTF8*$!
{
	archiveVersion = 1;
	classes = {
	};
	objectVersion = 46;
	objects = {

/* Begin PBXBuildFile section */
		8952EB911AA810E800F09225 /* AppDelegate.swift in Sources */ = {isa = PBXBuildFile; fileRef = 8952EB901AA810E800F09225 /* AppDelegate.swift */; };
		8952EB981AA810E800F09225 /* Images.xcassets in Resources */ = {isa = PBXBuildFile; fileRef = 8952EB971AA810E800F09225 /* Images.xcassets */; };
		8952EBA71AA810E800F09225 /* _05_TumblrTests.swift in Sources */ = {isa = PBXBuildFile; fileRef = 8952EBA61AA810E800F09225 /* _05_TumblrTests.swift */; };
		8952EBB11AA8113300F09225 /* TabBarViewController.swift in Sources */ = {isa = PBXBuildFile; fileRef = 8952EBB01AA8113300F09225 /* TabBarViewController.swift */; };
		8990EDFE1AAB79570032E309 /* HomeViewController.swift in Sources */ = {isa = PBXBuildFile; fileRef = 8990EDFD1AAB79570032E309 /* HomeViewController.swift */; };
		8990EE001AAB7A1F0032E309 /* SearchViewController.swift in Sources */ = {isa = PBXBuildFile; fileRef = 8990EDFF1AAB7A1F0032E309 /* SearchViewController.swift */; };
		89A580E41AAB860D00A2BBA4 /* ComposeViewController.swift in Sources */ = {isa = PBXBuildFile; fileRef = 89A580E31AAB860D00A2BBA4 /* ComposeViewController.swift */; };
		89A580E81AAB868700A2BBA4 /* AccountViewController.swift in Sources */ = {isa = PBXBuildFile; fileRef = 89A580E71AAB868700A2BBA4 /* AccountViewController.swift */; };
		89A580EA1AAB869900A2BBA4 /* TrendingViewController.swift in Sources */ = {isa = PBXBuildFile; fileRef = 89A580E91AAB869900A2BBA4 /* TrendingViewController.swift */; };
		89A580EC1AABB60900A2BBA4 /* Common.swift in Sources */ = {isa = PBXBuildFile; fileRef = 89A580EB1AABB60900A2BBA4 /* Common.swift */; };
		89A580EF1AABBDFC00A2BBA4 /* Main.storyboard in Resources */ = {isa = PBXBuildFile; fileRef = 89A580ED1AABBDFC00A2BBA4 /* Main.storyboard */; };
/* End PBXBuildFile section */

/* Begin PBXContainerItemProxy section */
		8952EBA11AA810E800F09225 /* PBXContainerItemProxy */ = {
			isa = PBXContainerItemProxy;
			containerPortal = 8952EB831AA810E800F09225 /* Project object */;
			proxyType = 1;
			remoteGlobalIDString = 8952EB8A1AA810E800F09225;
			remoteInfo = "005-Tumblr";
		};
/* End PBXContainerItemProxy section */

/* Begin PBXFileReference section */
		8952EB8B1AA810E800F09225 /* 005-Tumblr.app */ = {isa = PBXFileReference; explicitFileType = wrapper.application; includeInIndex = 0; path = "005-Tumblr.app"; sourceTree = BUILT_PRODUCTS_DIR; };
		8952EB8F1AA810E800F09225 /* Info.plist */ = {isa = PBXFileReference; lastKnownFileType = text.plist.xml; path = Info.plist; sourceTree = "<group>"; };
		8952EB901AA810E800F09225 /* AppDelegate.swift */ = {isa = PBXFileReference; lastKnownFileType = sourcecode.swift; path = AppDelegate.swift; sourceTree = "<group>"; };
		8952EB971AA810E800F09225 /* Images.xcassets */ = {isa = PBXFileReference; lastKnownFileType = folder.assetcatalog; path = Images.xcassets; sourceTree = "<group>"; };
		8952EBA01AA810E800F09225 /* 005-TumblrTests.xctest */ = {isa = PBXFileReference; explicitFileType = wrapper.cfbundle; includeInIndex = 0; path = "005-TumblrTests.xctest"; sourceTree = BUILT_PRODUCTS_DIR; };
		8952EBA51AA810E800F09225 /* Info.plist */ = {isa = PBXFileReference; lastKnownFileType = text.plist.xml; path = Info.plist; sourceTree = "<group>"; };
		8952EBA61AA810E800F09225 /* _05_TumblrTests.swift */ = {isa = PBXFileReference; lastKnownFileType = sourcecode.swift; path = _05_TumblrTests.swift; sourceTree = "<group>"; };
		8952EBB01AA8113300F09225 /* TabBarViewController.swift */ = {isa = PBXFileReference; fileEncoding = 4; lastKnownFileType = sourcecode.swift; name = TabBarViewController.swift; path = ../TabBarViewController.swift; sourceTree = "<group>"; };
		8990EDFD1AAB79570032E309 /* HomeViewController.swift */ = {isa = PBXFileReference; fileEncoding = 4; lastKnownFileType = sourcecode.swift; path = HomeViewController.swift; sourceTree = "<group>"; };
		8990EDFF1AAB7A1F0032E309 /* SearchViewController.swift */ = {isa = PBXFileReference; fileEncoding = 4; lastKnownFileType = sourcecode.swift; path = SearchViewController.swift; sourceTree = "<group>"; };
		89A580E31AAB860D00A2BBA4 /* ComposeViewController.swift */ = {isa = PBXFileReference; fileEncoding = 4; lastKnownFileType = sourcecode.swift; path = ComposeViewController.swift; sourceTree = "<group>"; };
		89A580E71AAB868700A2BBA4 /* AccountViewController.swift */ = {isa = PBXFileReference; fileEncoding = 4; lastKnownFileType = sourcecode.swift; path = AccountViewController.swift; sourceTree = "<group>"; };
		89A580E91AAB869900A2BBA4 /* TrendingViewController.swift */ = {isa = PBXFileReference; fileEncoding = 4; lastKnownFileType = sourcecode.swift; name = TrendingViewController.swift; path = ../TrendingViewController.swift; sourceTree = "<group>"; };
		89A580EB1AABB60900A2BBA4 /* Common.swift */ = {isa = PBXFileReference; fileEncoding = 4; lastKnownFileType = sourcecode.swift; path = Common.swift; sourceTree = "<group>"; };
		89A580EE1AABBDFC00A2BBA4 /* Base */ = {isa = PBXFileReference; lastKnownFileType = file.storyboard; name = Base; path = Base.lproj/Main.storyboard; sourceTree = "<group>"; };
/* End PBXFileReference section */

/* Begin PBXFrameworksBuildPhase section */
		8952EB881AA810E800F09225 /* Frameworks */ = {
			isa = PBXFrameworksBuildPhase;
			buildActionMask = 2147483647;
			files = (
			);
			runOnlyForDeploymentPostprocessing = 0;
		};
		8952EB9D1AA810E800F09225 /* Frameworks */ = {
			isa = PBXFrameworksBuildPhase;
			buildActionMask = 2147483647;
			files = (
			);
			runOnlyForDeploymentPostprocessing = 0;
		};
/* End PBXFrameworksBuildPhase section */

/* Begin PBXGroup section */
		8952EB821AA810E800F09225 = {
			isa = PBXGroup;
			children = (
				8952EB8D1AA810E800F09225 /* 005-Tumblr */,
				8952EBA31AA810E800F09225 /* 005-TumblrTests */,
				8952EB8C1AA810E800F09225 /* Products */,
			);
			sourceTree = "<group>";
		};
		8952EB8C1AA810E800F09225 /* Products */ = {
			isa = PBXGroup;
			children = (
				8952EB8B1AA810E800F09225 /* 005-Tumblr.app */,
				8952EBA01AA810E800F09225 /* 005-TumblrTests.xctest */,
			);
			name = Products;
			sourceTree = "<group>";
		};
		8952EB8D1AA810E800F09225 /* 005-Tumblr */ = {
			isa = PBXGroup;
			children = (
				8952EBB21AA8113D00F09225 /* VCs */,
				8952EB901AA810E800F09225 /* AppDelegate.swift */,
				89A580ED1AABBDFC00A2BBA4 /* Main.storyboard */,
				89A580EB1AABB60900A2BBA4 /* Common.swift */,
				8952EB971AA810E800F09225 /* Images.xcassets */,
				8952EB8E1AA810E800F09225 /* Supporting Files */,
			);
			path = "005-Tumblr";
			sourceTree = "<group>";
		};
		8952EB8E1AA810E800F09225 /* Supporting Files */ = {
			isa = PBXGroup;
			children = (
				8952EB8F1AA810E800F09225 /* Info.plist */,
			);
			name = "Supporting Files";
			sourceTree = "<group>";
		};
		8952EBA31AA810E800F09225 /* 005-TumblrTests */ = {
			isa = PBXGroup;
			children = (
				8952EBA61AA810E800F09225 /* _05_TumblrTests.swift */,
				8952EBA41AA810E800F09225 /* Supporting Files */,
			);
			path = "005-TumblrTests";
			sourceTree = "<group>";
		};
		8952EBA41AA810E800F09225 /* Supporting Files */ = {
			isa = PBXGroup;
			children = (
				8952EBA51AA810E800F09225 /* Info.plist */,
			);
			name = "Supporting Files";
			sourceTree = "<group>";
		};
		8952EBB21AA8113D00F09225 /* VCs */ = {
			isa = PBXGroup;
			children = (
				8952EBB01AA8113300F09225 /* TabBarViewController.swift */,
				8990EDFD1AAB79570032E309 /* HomeViewController.swift */,
				8990EDFF1AAB7A1F0032E309 /* SearchViewController.swift */,
				89A580E31AAB860D00A2BBA4 /* ComposeViewController.swift */,
				89A580E71AAB868700A2BBA4 /* AccountViewController.swift */,
				89A580E91AAB869900A2BBA4 /* TrendingViewController.swift */,
			);
			name = VCs;
			sourceTree = "<group>";
		};
/* End PBXGroup section */

/* Begin PBXNativeTarget section */
		8952EB8A1AA810E800F09225 /* 005-Tumblr */ = {
			isa = PBXNativeTarget;
			buildConfigurationList = 8952EBAA1AA810E800F09225 /* Build configuration list for PBXNativeTarget "005-Tumblr" */;
			buildPhases = (
				8952EB871AA810E800F09225 /* Sources */,
				8952EB881AA810E800F09225 /* Frameworks */,
				8952EB891AA810E800F09225 /* Resources */,
			);
			buildRules = (
			);
			dependencies = (
			);
			name = "005-Tumblr";
			productName = "005-Tumblr";
			productReference = 8952EB8B1AA810E800F09225 /* 005-Tumblr.app */;
			productType = "com.apple.product-type.application";
		};
		8952EB9F1AA810E800F09225 /* 005-TumblrTests */ = {
			isa = PBXNativeTarget;
			buildConfigurationList = 8952EBAD1AA810E800F09225 /* Build configuration list for PBXNativeTarget "005-TumblrTests" */;
			buildPhases = (
				8952EB9C1AA810E800F09225 /* Sources */,
				8952EB9D1AA810E800F09225 /* Frameworks */,
				8952EB9E1AA810E800F09225 /* Resources */,
			);
			buildRules = (
			);
			dependencies = (
				8952EBA21AA810E800F09225 /* PBXTargetDependency */,
			);
			name = "005-TumblrTests";
			productName = "005-TumblrTests";
			productReference = 8952EBA01AA810E800F09225 /* 005-TumblrTests.xctest */;
			productType = "com.apple.product-type.bundle.unit-test";
		};
/* End PBXNativeTarget section */

/* Begin PBXProject section */
		8952EB831AA810E800F09225 /* Project object */ = {
			isa = PBXProject;
			attributes = {
				LastUpgradeCheck = 0610;
				ORGANIZATIONNAME = "Jakub Burkot";
				TargetAttributes = {
					8952EB8A1AA810E800F09225 = {
						CreatedOnToolsVersion = 6.1.1;
					};
					8952EB9F1AA810E800F09225 = {
						CreatedOnToolsVersion = 6.1.1;
						TestTargetID = 8952EB8A1AA810E800F09225;
					};
				};
			};
			buildConfigurationList = 8952EB861AA810E800F09225 /* Build configuration list for PBXProject "005-Tumblr" */;
			compatibilityVersion = "Xcode 3.2";
			developmentRegion = English;
			hasScannedForEncodings = 0;
			knownRegions = (
				en,
				Base,
			);
			mainGroup = 8952EB821AA810E800F09225;
			productRefGroup = 8952EB8C1AA810E800F09225 /* Products */;
			projectDirPath = "";
			projectRoot = "";
			targets = (
				8952EB8A1AA810E800F09225 /* 005-Tumblr */,
				8952EB9F1AA810E800F09225 /* 005-TumblrTests */,
			);
		};
/* End PBXProject section */

/* Begin PBXResourcesBuildPhase section */
		8952EB891AA810E800F09225 /* Resources */ = {
			isa = PBXResourcesBuildPhase;
			buildActionMask = 2147483647;
			files = (
				8952EB981AA810E800F09225 /* Images.xcassets in Resources */,
				89A580EF1AABBDFC00A2BBA4 /* Main.storyboard in Resources */,
			);
			runOnlyForDeploymentPostprocessing = 0;
		};
		8952EB9E1AA810E800F09225 /* Resources */ = {
			isa = PBXResourcesBuildPhase;
			buildActionMask = 2147483647;
			files = (
			);
			runOnlyForDeploymentPostprocessing = 0;
		};
/* End PBXResourcesBuildPhase section */

/* Begin PBXSourcesBuildPhase section */
		8952EB871AA810E800F09225 /* Sources */ = {
			isa = PBXSourcesBuildPhase;
			buildActionMask = 2147483647;
			files = (
				89A580EC1AABB60900A2BBA4 /* Common.swift in Sources */,
				89A580EA1AAB869900A2BBA4 /* TrendingViewController.swift in Sources */,
				89A580E41AAB860D00A2BBA4 /* ComposeViewController.swift in Sources */,
				8952EBB11AA8113300F09225 /* TabBarViewController.swift in Sources */,
				89A580E81AAB868700A2BBA4 /* AccountViewController.swift in Sources */,
				8952EB911AA810E800F09225 /* AppDelegate.swift in Sources */,
				8990EE001AAB7A1F0032E309 /* SearchViewController.swift in Sources */,
				8990EDFE1AAB79570032E309 /* HomeViewController.swift in Sources */,
			);
			runOnlyForDeploymentPostprocessing = 0;
		};
		8952EB9C1AA810E800F09225 /* Sources */ = {
			isa = PBXSourcesBuildPhase;
			buildActionMask = 2147483647;
			files = (
				8952EBA71AA810E800F09225 /* _05_TumblrTests.swift in Sources */,
			);
			runOnlyForDeploymentPostprocessing = 0;
		};
/* End PBXSourcesBuildPhase section */

/* Begin PBXTargetDependency section */
		8952EBA21AA810E800F09225 /* PBXTargetDependency */ = {
			isa = PBXTargetDependency;
			target = 8952EB8A1AA810E800F09225 /* 005-Tumblr */;
			targetProxy = 8952EBA11AA810E800F09225 /* PBXContainerItemProxy */;
		};
/* End PBXTargetDependency section */

/* Begin PBXVariantGroup section */
		89A580ED1AABBDFC00A2BBA4 /* Main.storyboard */ = {
			isa = PBXVariantGroup;
			children = (
				89A580EE1AABBDFC00A2BBA4 /* Base */,
			);
			name = Main.storyboard;
			sourceTree = "<group>";
		};
/* End PBXVariantGroup section */

/* Begin XCBuildConfiguration section */
		8952EBA81AA810E800F09225 /* Debug */ = {
			isa = XCBuildConfiguration;
			buildSettings = {
				ALWAYS_SEARCH_USER_PATHS = NO;
				CLANG_CXX_LANGUAGE_STANDARD = "gnu++0x";
				CLANG_CXX_LIBRARY = "libc++";
				CLANG_ENABLE_MODULES = YES;
				CLANG_ENABLE_OBJC_ARC = YES;
				CLANG_WARN_BOOL_CONVERSION = YES;
				CLANG_WARN_CONSTANT_CONVERSION = YES;
				CLANG_WARN_DIRECT_OBJC_ISA_USAGE = YES_ERROR;
				CLANG_WARN_EMPTY_BODY = YES;
				CLANG_WARN_ENUM_CONVERSION = YES;
				CLANG_WARN_INT_CONVERSION = YES;
				CLANG_WARN_OBJC_ROOT_CLASS = YES_ERROR;
				CLANG_WARN_UNREACHABLE_CODE = YES;
				CLANG_WARN__DUPLICATE_METHOD_MATCH = YES;
				"CODE_SIGN_IDENTITY[sdk=iphoneos*]" = "iPhone Developer";
				COPY_PHASE_STRIP = NO;
				ENABLE_STRICT_OBJC_MSGSEND = YES;
				GCC_C_LANGUAGE_STANDARD = gnu99;
				GCC_DYNAMIC_NO_PIC = NO;
				GCC_OPTIMIZATION_LEVEL = 0;
				GCC_PREPROCESSOR_DEFINITIONS = (
					"DEBUG=1",
					"$(inherited)",
				);
				GCC_SYMBOLS_PRIVATE_EXTERN = NO;
				GCC_WARN_64_TO_32_BIT_CONVERSION = YES;
				GCC_WARN_ABOUT_RETURN_TYPE = YES_ERROR;
				GCC_WARN_UNDECLARED_SELECTOR = YES;
				GCC_WARN_UNINITIALIZED_AUTOS = YES_AGGRESSIVE;
				GCC_WARN_UNUSED_FUNCTION = YES;
				GCC_WARN_UNUSED_VARIABLE = YES;
				IPHONEOS_DEPLOYMENT_TARGET = 8.1;
				MTL_ENABLE_DEBUG_INFO = YES;
				ONLY_ACTIVE_ARCH = YES;
				SDKROOT = iphoneos;
				SWIFT_OPTIMIZATION_LEVEL = "-Onone";
			};
			name = Debug;
		};
		8952EBA91AA810E800F09225 /* Release */ = {
			isa = XCBuildConfiguration;
			buildSettings = {
				ALWAYS_SEARCH_USER_PATHS = NO;
				CLANG_CXX_LANGUAGE_STANDARD = "gnu++0x";
				CLANG_CXX_LIBRARY = "libc++";
				CLANG_ENABLE_MODULES = YES;
				CLANG_ENABLE_OBJC_ARC = YES;
				CLANG_WARN_BOOL_CONVERSION = YES;
				CLANG_WARN_CONSTANT_CONVERSION = YES;
				CLANG_WARN_DIRECT_OBJC_ISA_USAGE = YES_ERROR;
				CLANG_WARN_EMPTY_BODY = YES;
				CLANG_WARN_ENUM_CONVERSION = YES;
				CLANG_WARN_INT_CONVERSION = YES;
				CLANG_WARN_OBJC_ROOT_CLASS = YES_ERROR;
				CLANG_WARN_UNREACHABLE_CODE = YES;
				CLANG_WARN__DUPLICATE_METHOD_MATCH = YES;
				"CODE_SIGN_IDENTITY[sdk=iphoneos*]" = "iPhone Developer";
				COPY_PHASE_STRIP = YES;
				ENABLE_NS_ASSERTIONS = NO;
				ENABLE_STRICT_OBJC_MSGSEND = YES;
				GCC_C_LANGUAGE_STANDARD = gnu99;
				GCC_WARN_64_TO_32_BIT_CONVERSION = YES;
				GCC_WARN_ABOUT_RETURN_TYPE = YES_ERROR;
				GCC_WARN_UNDECLARED_SELECTOR = YES;
				GCC_WARN_UNINITIALIZED_AUTOS = YES_AGGRESSIVE;
				GCC_WARN_UNUSED_FUNCTION = YES;
				GCC_WARN_UNUSED_VARIABLE = YES;
				IPHONEOS_DEPLOYMENT_TARGET = 8.1;
				MTL_ENABLE_DEBUG_INFO = NO;
				SDKROOT = iphoneos;
				VALIDATE_PRODUCT = YES;
			};
			name = Release;
		};
		8952EBAB1AA810E800F09225 /* Debug */ = {
			isa = XCBuildConfiguration;
			buildSettings = {
				ASSETCATALOG_COMPILER_APPICON_NAME = AppIcon;
				ASSETCATALOG_COMPILER_LAUNCHIMAGE_NAME = LaunchImage;
				INFOPLIST_FILE = "005-Tumblr/Info.plist";
				LD_RUNPATH_SEARCH_PATHS = "$(inherited) @executable_path/Frameworks";
				PRODUCT_NAME = "$(TARGET_NAME)";
			};
			name = Debug;
		};
		8952EBAC1AA810E800F09225 /* Release */ = {
			isa = XCBuildConfiguration;
			buildSettings = {
				ASSETCATALOG_COMPILER_APPICON_NAME = AppIcon;
				ASSETCATALOG_COMPILER_LAUNCHIMAGE_NAME = LaunchImage;
				INFOPLIST_FILE = "005-Tumblr/Info.plist";
				LD_RUNPATH_SEARCH_PATHS = "$(inherited) @executable_path/Frameworks";
				PRODUCT_NAME = "$(TARGET_NAME)";
			};
			name = Release;
		};
		8952EBAE1AA810E800F09225 /* Debug */ = {
			isa = XCBuildConfiguration;
			buildSettings = {
				BUNDLE_LOADER = "$(TEST_HOST)";
				FRAMEWORK_SEARCH_PATHS = (
					"$(SDKROOT)/Developer/Library/Frameworks",
					"$(inherited)",
				);
				GCC_PREPROCESSOR_DEFINITIONS = (
					"DEBUG=1",
					"$(inherited)",
				);
				INFOPLIST_FILE = "005-TumblrTests/Info.plist";
				LD_RUNPATH_SEARCH_PATHS = "$(inherited) @executable_path/Frameworks @loader_path/Frameworks";
				PRODUCT_NAME = "$(TARGET_NAME)";
				TEST_HOST = "$(BUILT_PRODUCTS_DIR)/005-Tumblr.app/005-Tumblr";
			};
			name = Debug;
		};
		8952EBAF1AA810E800F09225 /* Release */ = {
			isa = XCBuildConfiguration;
			buildSettings = {
				BUNDLE_LOADER = "$(TEST_HOST)";
				FRAMEWORK_SEARCH_PATHS = (
					"$(SDKROOT)/Developer/Library/Frameworks",
					"$(inherited)",
				);
				INFOPLIST_FILE = "005-TumblrTests/Info.plist";
				LD_RUNPATH_SEARCH_PATHS = "$(inherited) @executable_path/Frameworks @loader_path/Frameworks";
				PRODUCT_NAME = "$(TARGET_NAME)";
				TEST_HOST = "$(BUILT_PRODUCTS_DIR)/005-Tumblr.app/005-Tumblr";
			};
			name = Release;
		};
/* End XCBuildConfiguration section */

/* Begin XCConfigurationList section */
		8952EB861AA810E800F09225 /* Build configuration list for PBXProject "005-Tumblr" */ = {
			isa = XCConfigurationList;
			buildConfigurations = (
				8952EBA81AA810E800F09225 /* Debug */,
				8952EBA91AA810E800F09225 /* Release */,
			);
			defaultConfigurationIsVisible = 0;
			defaultConfigurationName = Release;
		};
		8952EBAA1AA810E800F09225 /* Build configuration list for PBXNativeTarget "005-Tumblr" */ = {
			isa = XCConfigurationList;
			buildConfigurations = (
				8952EBAB1AA810E800F09225 /* Debug */,
				8952EBAC1AA810E800F09225 /* Release */,
			);
			defaultConfigurationIsVisible = 0;
			defaultConfigurationName = Release;
		};
		8952EBAD1AA810E800F09225 /* Build configuration list for PBXNativeTarget "005-TumblrTests" */ = {
			isa = XCConfigurationList;
			buildConfigurations = (
				8952EBAE1AA810E800F09225 /* Debug */,
				8952EBAF1AA810E800F09225 /* Release */,
			);
			defaultConfigurationIsVisible = 0;
			defaultConfigurationName = Release;
		};
/* End XCConfigurationList section */
	};
	rootObject = 8952EB831AA810E800F09225 /* Project object */;
}
